
Microsoft Visual Studio Solution File, Format Version 12.00
# Visual Studio 15
VisualStudioVersion = 15.0.26124.0
MinimumVisualStudioVersion = 15.0.26124.0
Project("{2150E333-8FDC-42A3-9474-1A3956D46DE8}") = "src", "src", "{9DB2ECAE-4CC3-4B01-A856-DC3CAB394509}"
EndProject
Project("{FAE04EC0-301F-11D3-BF4B-00C04F79EFBC}") = "Nito.ProjProps", "src\Nito.ProjProps\Nito.ProjProps.csproj", "{301920A4-2206-4683-9945-F428FE4A43E6}"
EndProject
Global
	GlobalSection(SolutionConfigurationPlatforms) = preSolution
		Debug|Any CPU = Debug|Any CPU
		Debug|x64 = Debug|x64
		Debug|x86 = Debug|x86
		Release|Any CPU = Release|Any CPU
		Release|x64 = Release|x64
		Release|x86 = Release|x86
	EndGlobalSection
	GlobalSection(SolutionProperties) = preSolution
		HideSolutionNode = FALSE
	EndGlobalSection
	GlobalSection(ProjectConfigurationPlatforms) = postSolution
		{301920A4-2206-4683-9945-F428FE4A43E6}.Debug|Any CPU.ActiveCfg = Debug|Any CPU
		{301920A4-2206-4683-9945-F428FE4A43E6}.Debug|Any CPU.Build.0 = Debug|Any CPU
		{301920A4-2206-4683-9945-F428FE4A43E6}.Debug|x64.ActiveCfg = Debug|Any CPU
		{301920A4-2206-4683-9945-F428FE4A43E6}.Debug|x64.Build.0 = Debug|Any CPU
		{301920A4-2206-4683-9945-F428FE4A43E6}.Debug|x86.ActiveCfg = Debug|Any CPU
		{301920A4-2206-4683-9945-F428FE4A43E6}.Debug|x86.Build.0 = Debug|Any CPU
		{301920A4-2206-4683-9945-F428FE4A43E6}.Release|Any CPU.ActiveCfg = Release|Any CPU
		{301920A4-2206-4683-9945-F428FE4A43E6}.Release|Any CPU.Build.0 = Release|Any CPU
		{301920A4-2206-4683-9945-F428FE4A43E6}.Release|x64.ActiveCfg = Release|Any CPU
		{301920A4-2206-4683-9945-F428FE4A43E6}.Release|x64.Build.0 = Release|Any CPU
		{301920A4-2206-4683-9945-F428FE4A43E6}.Release|x86.ActiveCfg = Release|Any CPU
		{301920A4-2206-4683-9945-F428FE4A43E6}.Release|x86.Build.0 = Release|Any CPU
	EndGlobalSection
	GlobalSection(NestedProjects) = preSolution
		{301920A4-2206-4683-9945-F428FE4A43E6} = {9DB2ECAE-4CC3-4B01-A856-DC3CAB394509}
	EndGlobalSection
EndGlobal
